
Microsoft Visual Studio Solution File, Format Version 12.00
# Visual Studio Version 16
VisualStudioVersion = 16.0.34601.136
MinimumVisualStudioVersion = 10.0.40219.1
Project("{FAE04EC0-301F-11D3-BF4B-00C04F79EFBC}") = "CampaignLogger", "CampaignLogger\CampaignLogger.csproj", "{BAB86888-064B-4106-92F7-7FB5537B4FBB}"
EndProject
Global
	GlobalSection(SolutionConfigurationPlatforms) = preSolution
		Debug|Any CPU = Debug|Any CPU
		Release|Any CPU = Release|Any CPU
	EndGlobalSection
	GlobalSection(ProjectConfigurationPlatforms) = postSolution
		{BAB86888-064B-4106-92F7-7FB5537B4FBB}.Debug|Any CPU.ActiveCfg = Debug|Any CPU
		{BAB86888-064B-4106-92F7-7FB5537B4FBB}.Debug|Any CPU.Build.0 = Debug|Any CPU
		{BAB86888-064B-4106-92F7-7FB5537B4FBB}.Release|Any CPU.ActiveCfg = Release|Any CPU
		{BAB86888-064B-4106-92F7-7FB5537B4FBB}.Release|Any CPU.Build.0 = Release|Any CPU
	EndGlobalSection
	GlobalSection(SolutionProperties) = preSolution
		HideSolutionNode = FALSE
	EndGlobalSection
	GlobalSection(ExtensibilityGlobals) = postSolution
		SolutionGuid = {5C60953F-FE34-4FAA-A48C-BA61D92D78DD}
	EndGlobalSection
EndGlobal
